// !$*UTF8*$!
{
	archiveVersion = 1;
	classes = {
	};
	objectVersion = 56;
	objects = {

/* Begin PBXBuildFile section */
		66906B5B2957408C00F2E6AE /* TweetTableViewCell.swift in Sources */ = {isa = PBXBuildFile; fileRef = 66906B5A2957408C00F2E6AE /* TweetTableViewCell.swift */; };
		66AED8722955F4A60071BEB4 /* AppDelegate.swift in Sources */ = {isa = PBXBuildFile; fileRef = 66AED8712955F4A60071BEB4 /* AppDelegate.swift */; };
		66AED8742955F4A60071BEB4 /* SceneDelegate.swift in Sources */ = {isa = PBXBuildFile; fileRef = 66AED8732955F4A60071BEB4 /* SceneDelegate.swift */; };
		66AED8762955F4A60071BEB4 /* MainTabBarViewController.swift in Sources */ = {isa = PBXBuildFile; fileRef = 66AED8752955F4A60071BEB4 /* MainTabBarViewController.swift */; };
		66AED87B2955F4A80071BEB4 /* Assets.xcassets in Resources */ = {isa = PBXBuildFile; fileRef = 66AED87A2955F4A80071BEB4 /* Assets.xcassets */; };
		66AED87E2955F4A80071BEB4 /* LaunchScreen.storyboard in Resources */ = {isa = PBXBuildFile; fileRef = 66AED87C2955F4A80071BEB4 /* LaunchScreen.storyboard */; };
		66AED8882955F6790071BEB4 /* HomeViewController.swift in Sources */ = {isa = PBXBuildFile; fileRef = 66AED8872955F6790071BEB4 /* HomeViewController.swift */; };
		66AED88A2955F6860071BEB4 /* SearchViewController.swift in Sources */ = {isa = PBXBuildFile; fileRef = 66AED8892955F6860071BEB4 /* SearchViewController.swift */; };
		66AED88C2955F6950071BEB4 /* NotificationsViewController.swift in Sources */ = {isa = PBXBuildFile; fileRef = 66AED88B2955F6950071BEB4 /* NotificationsViewController.swift */; };
		66AED88E2955F6AA0071BEB4 /* DirectMessagesViewController.swift in Sources */ = {isa = PBXBuildFile; fileRef = 66AED88D2955F6AA0071BEB4 /* DirectMessagesViewController.swift */; };
/* End PBXBuildFile section */

/* Begin PBXFileReference section */
		66906B5A2957408C00F2E6AE /* TweetTableViewCell.swift */ = {isa = PBXFileReference; lastKnownFileType = sourcecode.swift; path = TweetTableViewCell.swift; sourceTree = "<group>"; };
		66AED86E2955F4A60071BEB4 /* TwitterAndFirebase.app */ = {isa = PBXFileReference; explicitFileType = wrapper.application; includeInIndex = 0; path = TwitterAndFirebase.app; sourceTree = BUILT_PRODUCTS_DIR; };
		66AED8712955F4A60071BEB4 /* AppDelegate.swift */ = {isa = PBXFileReference; lastKnownFileType = sourcecode.swift; path = AppDelegate.swift; sourceTree = "<group>"; };
		66AED8732955F4A60071BEB4 /* SceneDelegate.swift */ = {isa = PBXFileReference; lastKnownFileType = sourcecode.swift; path = SceneDelegate.swift; sourceTree = "<group>"; };
		66AED8752955F4A60071BEB4 /* MainTabBarViewController.swift */ = {isa = PBXFileReference; lastKnownFileType = sourcecode.swift; path = MainTabBarViewController.swift; sourceTree = "<group>"; };
		66AED87A2955F4A80071BEB4 /* Assets.xcassets */ = {isa = PBXFileReference; lastKnownFileType = folder.assetcatalog; path = Assets.xcassets; sourceTree = "<group>"; };
		66AED87D2955F4A80071BEB4 /* Base */ = {isa = PBXFileReference; lastKnownFileType = file.storyboard; name = Base; path = Base.lproj/LaunchScreen.storyboard; sourceTree = "<group>"; };
		66AED87F2955F4A80071BEB4 /* Info.plist */ = {isa = PBXFileReference; lastKnownFileType = text.plist.xml; path = Info.plist; sourceTree = "<group>"; };
		66AED8872955F6790071BEB4 /* HomeViewController.swift */ = {isa = PBXFileReference; lastKnownFileType = sourcecode.swift; path = HomeViewController.swift; sourceTree = "<group>"; };
		66AED8892955F6860071BEB4 /* SearchViewController.swift */ = {isa = PBXFileReference; lastKnownFileType = sourcecode.swift; path = SearchViewController.swift; sourceTree = "<group>"; };
		66AED88B2955F6950071BEB4 /* NotificationsViewController.swift */ = {isa = PBXFileReference; lastKnownFileType = sourcecode.swift; path = NotificationsViewController.swift; sourceTree = "<group>"; };
		66AED88D2955F6AA0071BEB4 /* DirectMessagesViewController.swift */ = {isa = PBXFileReference; lastKnownFileType = sourcecode.swift; path = DirectMessagesViewController.swift; sourceTree = "<group>"; };
/* End PBXFileReference section */

/* Begin PBXFrameworksBuildPhase section */
		66AED86B2955F4A60071BEB4 /* Frameworks */ = {
			isa = PBXFrameworksBuildPhase;
			buildActionMask = 2147483647;
			files = (
			);
			runOnlyForDeploymentPostprocessing = 0;
		};
/* End PBXFrameworksBuildPhase section */

/* Begin PBXGroup section */
		66906B592957406C00F2E6AE /* Views */ = {
			isa = PBXGroup;
			children = (
				66906B5A2957408C00F2E6AE /* TweetTableViewCell.swift */,
			);
			path = Views;
			sourceTree = "<group>";
		};
		66AED8652955F4A60071BEB4 = {
			isa = PBXGroup;
			children = (
				66AED8702955F4A60071BEB4 /* TwitterAndFirebase */,
				66AED86F2955F4A60071BEB4 /* Products */,
			);
			sourceTree = "<group>";
		};
		66AED86F2955F4A60071BEB4 /* Products */ = {
			isa = PBXGroup;
			children = (
				66AED86E2955F4A60071BEB4 /* TwitterAndFirebase.app */,
			);
			name = Products;
			sourceTree = "<group>";
		};
		66AED8702955F4A60071BEB4 /* TwitterAndFirebase */ = {
			isa = PBXGroup;
			children = (
				66906B592957406C00F2E6AE /* Views */,
				66AED8852955F62F0071BEB4 /* Controllers */,
				66AED8712955F4A60071BEB4 /* AppDelegate.swift */,
				66AED8732955F4A60071BEB4 /* SceneDelegate.swift */,
				66AED87A2955F4A80071BEB4 /* Assets.xcassets */,
				66AED87C2955F4A80071BEB4 /* LaunchScreen.storyboard */,
				66AED87F2955F4A80071BEB4 /* Info.plist */,
			);
			path = TwitterAndFirebase;
			sourceTree = "<group>";
		};
		66AED8852955F62F0071BEB4 /* Controllers */ = {
			isa = PBXGroup;
			children = (
				66AED8862955F6410071BEB4 /* Core */,
			);
			path = Controllers;
			sourceTree = "<group>";
		};
		66AED8862955F6410071BEB4 /* Core */ = {
			isa = PBXGroup;
			children = (
				66AED8752955F4A60071BEB4 /* MainTabBarViewController.swift */,
				66AED8872955F6790071BEB4 /* HomeViewController.swift */,
				66AED8892955F6860071BEB4 /* SearchViewController.swift */,
				66AED88B2955F6950071BEB4 /* NotificationsViewController.swift */,
				66AED88D2955F6AA0071BEB4 /* DirectMessagesViewController.swift */,
			);
			path = Core;
			sourceTree = "<group>";
		};
/* End PBXGroup section */

/* Begin PBXNativeTarget section */
		66AED86D2955F4A60071BEB4 /* TwitterAndFirebase */ = {
			isa = PBXNativeTarget;
			buildConfigurationList = 66AED8822955F4A80071BEB4 /* Build configuration list for PBXNativeTarget "TwitterAndFirebase" */;
			buildPhases = (
				66AED86A2955F4A60071BEB4 /* Sources */,
				66AED86B2955F4A60071BEB4 /* Frameworks */,
				66AED86C2955F4A60071BEB4 /* Resources */,
			);
			buildRules = (
			);
			dependencies = (
			);
			name = TwitterAndFirebase;
			productName = TwitterAndFirebase;
			productReference = 66AED86E2955F4A60071BEB4 /* TwitterAndFirebase.app */;
			productType = "com.apple.product-type.application";
		};
/* End PBXNativeTarget section */

/* Begin PBXProject section */
		66AED8662955F4A60071BEB4 /* Project object */ = {
			isa = PBXProject;
			attributes = {
				BuildIndependentTargetsInParallel = 1;
				LastSwiftUpdateCheck = 1420;
				LastUpgradeCheck = 1420;
				TargetAttributes = {
					66AED86D2955F4A60071BEB4 = {
						CreatedOnToolsVersion = 14.2;
					};
				};
			};
			buildConfigurationList = 66AED8692955F4A60071BEB4 /* Build configuration list for PBXProject "TwitterAndFirebase" */;
			compatibilityVersion = "Xcode 14.0";
			developmentRegion = en;
			hasScannedForEncodings = 0;
			knownRegions = (
				en,
				Base,
			);
			mainGroup = 66AED8652955F4A60071BEB4;
			productRefGroup = 66AED86F2955F4A60071BEB4 /* Products */;
			projectDirPath = "";
			projectRoot = "";
			targets = (
				66AED86D2955F4A60071BEB4 /* TwitterAndFirebase */,
			);
		};
/* End PBXProject section */

/* Begin PBXResourcesBuildPhase section */
		66AED86C2955F4A60071BEB4 /* Resources */ = {
			isa = PBXResourcesBuildPhase;
			buildActionMask = 2147483647;
			files = (
				66AED87E2955F4A80071BEB4 /* LaunchScreen.storyboard in Resources */,
				66AED87B2955F4A80071BEB4 /* Assets.xcassets in Resources */,
			);
			runOnlyForDeploymentPostprocessing = 0;
		};
/* End PBXResourcesBuildPhase section */

/* Begin PBXSourcesBuildPhase section */
		66AED86A2955F4A60071BEB4 /* Sources */ = {
			isa = PBXSourcesBuildPhase;
			buildActionMask = 2147483647;
			files = (
				66AED88A2955F6860071BEB4 /* SearchViewController.swift in Sources */,
				66AED8762955F4A60071BEB4 /* MainTabBarViewController.swift in Sources */,
				66AED8722955F4A60071BEB4 /* AppDelegate.swift in Sources */,
				66AED88C2955F6950071BEB4 /* NotificationsViewController.swift in Sources */,
				66AED8742955F4A60071BEB4 /* SceneDelegate.swift in Sources */,
				66AED8882955F6790071BEB4 /* HomeViewController.swift in Sources */,
				66AED88E2955F6AA0071BEB4 /* DirectMessagesViewController.swift in Sources */,
				66906B5B2957408C00F2E6AE /* TweetTableViewCell.swift in Sources */,
			);
			runOnlyForDeploymentPostprocessing = 0;
		};
/* End PBXSourcesBuildPhase section */

/* Begin PBXVariantGroup section */
		66AED87C2955F4A80071BEB4 /* LaunchScreen.storyboard */ = {
			isa = PBXVariantGroup;
			children = (
				66AED87D2955F4A80071BEB4 /* Base */,
			);
			name = LaunchScreen.storyboard;
			sourceTree = "<group>";
		};
/* End PBXVariantGroup section */

/* Begin XCBuildConfiguration section */
		66AED8802955F4A80071BEB4 /* Debug */ = {
			isa = XCBuildConfiguration;
			buildSettings = {
				ALWAYS_SEARCH_USER_PATHS = NO;
				CLANG_ANALYZER_NONNULL = YES;
				CLANG_ANALYZER_NUMBER_OBJECT_CONVERSION = YES_AGGRESSIVE;
				CLANG_CXX_LANGUAGE_STANDARD = "gnu++20";
				CLANG_ENABLE_MODULES = YES;
				CLANG_ENABLE_OBJC_ARC = YES;
				CLANG_ENABLE_OBJC_WEAK = YES;
				CLANG_WARN_BLOCK_CAPTURE_AUTORELEASING = YES;
				CLANG_WARN_BOOL_CONVERSION = YES;
				CLANG_WARN_COMMA = YES;
				CLANG_WARN_CONSTANT_CONVERSION = YES;
				CLANG_WARN_DEPRECATED_OBJC_IMPLEMENTATIONS = YES;
				CLANG_WARN_DIRECT_OBJC_ISA_USAGE = YES_ERROR;
				CLANG_WARN_DOCUMENTATION_COMMENTS = YES;
				CLANG_WARN_EMPTY_BODY = YES;
				CLANG_WARN_ENUM_CONVERSION = YES;
				CLANG_WARN_INFINITE_RECURSION = YES;
				CLANG_WARN_INT_CONVERSION = YES;
				CLANG_WARN_NON_LITERAL_NULL_CONVERSION = YES;
				CLANG_WARN_OBJC_IMPLICIT_RETAIN_SELF = YES;
				CLANG_WARN_OBJC_LITERAL_CONVERSION = YES;
				CLANG_WARN_OBJC_ROOT_CLASS = YES_ERROR;
				CLANG_WARN_QUOTED_INCLUDE_IN_FRAMEWORK_HEADER = YES;
				CLANG_WARN_RANGE_LOOP_ANALYSIS = YES;
				CLANG_WARN_STRICT_PROTOTYPES = YES;
				CLANG_WARN_SUSPICIOUS_MOVE = YES;
				CLANG_WARN_UNGUARDED_AVAILABILITY = YES_AGGRESSIVE;
				CLANG_WARN_UNREACHABLE_CODE = YES;
				CLANG_WARN__DUPLICATE_METHOD_MATCH = YES;
				COPY_PHASE_STRIP = NO;
				DEBUG_INFORMATION_FORMAT = dwarf;
				ENABLE_STRICT_OBJC_MSGSEND = YES;
				ENABLE_TESTABILITY = YES;
				GCC_C_LANGUAGE_STANDARD = gnu11;
				GCC_DYNAMIC_NO_PIC = NO;
				GCC_NO_COMMON_BLOCKS = YES;
				GCC_OPTIMIZATION_LEVEL = 0;
				GCC_PREPROCESSOR_DEFINITIONS = (
					"DEBUG=1",
					"$(inherited)",
				);
				GCC_WARN_64_TO_32_BIT_CONVERSION = YES;
				GCC_WARN_ABOUT_RETURN_TYPE = YES_ERROR;
				GCC_WARN_UNDECLARED_SELECTOR = YES;
				GCC_WARN_UNINITIALIZED_AUTOS = YES_AGGRESSIVE;
				GCC_WARN_UNUSED_FUNCTION = YES;
				GCC_WARN_UNUSED_VARIABLE = YES;
				IPHONEOS_DEPLOYMENT_TARGET = 16.2;
				MTL_ENABLE_DEBUG_INFO = INCLUDE_SOURCE;
				MTL_FAST_MATH = YES;
				ONLY_ACTIVE_ARCH = YES;
				SDKROOT = iphoneos;
				SWIFT_ACTIVE_COMPILATION_CONDITIONS = DEBUG;
				SWIFT_OPTIMIZATION_LEVEL = "-Onone";
			};
			name = Debug;
		};
		66AED8812955F4A80071BEB4 /* Release */ = {
			isa = XCBuildConfiguration;
			buildSettings = {
				ALWAYS_SEARCH_USER_PATHS = NO;
				CLANG_ANALYZER_NONNULL = YES;
				CLANG_ANALYZER_NUMBER_OBJECT_CONVERSION = YES_AGGRESSIVE;
				CLANG_CXX_LANGUAGE_STANDARD = "gnu++20";
				CLANG_ENABLE_MODULES = YES;
				CLANG_ENABLE_OBJC_ARC = YES;
				CLANG_ENABLE_OBJC_WEAK = YES;
				CLANG_WARN_BLOCK_CAPTURE_AUTORELEASING = YES;
				CLANG_WARN_BOOL_CONVERSION = YES;
				CLANG_WARN_COMMA = YES;
				CLANG_WARN_CONSTANT_CONVERSION = YES;
				CLANG_WARN_DEPRECATED_OBJC_IMPLEMENTATIONS = YES;
				CLANG_WARN_DIRECT_OBJC_ISA_USAGE = YES_ERROR;
				CLANG_WARN_DOCUMENTATION_COMMENTS = YES;
				CLANG_WARN_EMPTY_BODY = YES;
				CLANG_WARN_ENUM_CONVERSION = YES;
				CLANG_WARN_INFINITE_RECURSION = YES;
				CLANG_WARN_INT_CONVERSION = YES;
				CLANG_WARN_NON_LITERAL_NULL_CONVERSION = YES;
				CLANG_WARN_OBJC_IMPLICIT_RETAIN_SELF = YES;
				CLANG_WARN_OBJC_LITERAL_CONVERSION = YES;
				CLANG_WARN_OBJC_ROOT_CLASS = YES_ERROR;
				CLANG_WARN_QUOTED_INCLUDE_IN_FRAMEWORK_HEADER = YES;
				CLANG_WARN_RANGE_LOOP_ANALYSIS = YES;
				CLANG_WARN_STRICT_PROTOTYPES = YES;
				CLANG_WARN_SUSPICIOUS_MOVE = YES;
				CLANG_WARN_UNGUARDED_AVAILABILITY = YES_AGGRESSIVE;
				CLANG_WARN_UNREACHABLE_CODE = YES;
				CLANG_WARN__DUPLICATE_METHOD_MATCH = YES;
				COPY_PHASE_STRIP = NO;
				DEBUG_INFORMATION_FORMAT = "dwarf-with-dsym";
				ENABLE_NS_ASSERTIONS = NO;
				ENABLE_STRICT_OBJC_MSGSEND = YES;
				GCC_C_LANGUAGE_STANDARD = gnu11;
				GCC_NO_COMMON_BLOCKS = YES;
				GCC_WARN_64_TO_32_BIT_CONVERSION = YES;
				GCC_WARN_ABOUT_RETURN_TYPE = YES_ERROR;
				GCC_WARN_UNDECLARED_SELECTOR = YES;
				GCC_WARN_UNINITIALIZED_AUTOS = YES_AGGRESSIVE;
				GCC_WARN_UNUSED_FUNCTION = YES;
				GCC_WARN_UNUSED_VARIABLE = YES;
				IPHONEOS_DEPLOYMENT_TARGET = 16.2;
				MTL_ENABLE_DEBUG_INFO = NO;
				MTL_FAST_MATH = YES;
				SDKROOT = iphoneos;
				SWIFT_COMPILATION_MODE = wholemodule;
				SWIFT_OPTIMIZATION_LEVEL = "-O";
				VALIDATE_PRODUCT = YES;
			};
			name = Release;
		};
		66AED8832955F4A80071BEB4 /* Debug */ = {
			isa = XCBuildConfiguration;
			buildSettings = {
				ASSETCATALOG_COMPILER_APPICON_NAME = AppIcon;
				ASSETCATALOG_COMPILER_GLOBAL_ACCENT_COLOR_NAME = AccentColor;
				CODE_SIGN_STYLE = Automatic;
				CURRENT_PROJECT_VERSION = 1;
				DEVELOPMENT_TEAM = JLB6AGL526;
				GENERATE_INFOPLIST_FILE = YES;
				INFOPLIST_FILE = TwitterAndFirebase/Info.plist;
				INFOPLIST_KEY_UIApplicationSupportsIndirectInputEvents = YES;
				INFOPLIST_KEY_UILaunchStoryboardName = LaunchScreen;
				INFOPLIST_KEY_UISupportedInterfaceOrientations_iPad = "UIInterfaceOrientationPortrait UIInterfaceOrientationPortraitUpsideDown UIInterfaceOrientationLandscapeLeft UIInterfaceOrientationLandscapeRight";
				INFOPLIST_KEY_UISupportedInterfaceOrientations_iPhone = "UIInterfaceOrientationPortrait UIInterfaceOrientationLandscapeLeft UIInterfaceOrientationLandscapeRight";
				LD_RUNPATH_SEARCH_PATHS = (
					"$(inherited)",
					"@executable_path/Frameworks",
				);
				MARKETING_VERSION = 1.0;
				PRODUCT_BUNDLE_IDENTIFIER = com.gustavoBraghin.TwitterAndFirebase;
				PRODUCT_NAME = "$(TARGET_NAME)";
				SWIFT_EMIT_LOC_STRINGS = YES;
				SWIFT_VERSION = 5.0;
				TARGETED_DEVICE_FAMILY = "1,2";
			};
			name = Debug;
		};
		66AED8842955F4A80071BEB4 /* Release */ = {
			isa = XCBuildConfiguration;
			buildSettings = {
				ASSETCATALOG_COMPILER_APPICON_NAME = AppIcon;
				ASSETCATALOG_COMPILER_GLOBAL_ACCENT_COLOR_NAME = AccentColor;
				CODE_SIGN_STYLE = Automatic;
				CURRENT_PROJECT_VERSION = 1;
				DEVELOPMENT_TEAM = JLB6AGL526;
				GENERATE_INFOPLIST_FILE = YES;
				INFOPLIST_FILE = TwitterAndFirebase/Info.plist;
				INFOPLIST_KEY_UIApplicationSupportsIndirectInputEvents = YES;
				INFOPLIST_KEY_UILaunchStoryboardName = LaunchScreen;
				INFOPLIST_KEY_UISupportedInterfaceOrientations_iPad = "UIInterfaceOrientationPortrait UIInterfaceOrientationPortraitUpsideDown UIInterfaceOrientationLandscapeLeft UIInterfaceOrientationLandscapeRight";
				INFOPLIST_KEY_UISupportedInterfaceOrientations_iPhone = "UIInterfaceOrientationPortrait UIInterfaceOrientationLandscapeLeft UIInterfaceOrientationLandscapeRight";
				LD_RUNPATH_SEARCH_PATHS = (
					"$(inherited)",
					"@executable_path/Frameworks",
				);
				MARKETING_VERSION = 1.0;
				PRODUCT_BUNDLE_IDENTIFIER = com.gustavoBraghin.TwitterAndFirebase;
				PRODUCT_NAME = "$(TARGET_NAME)";
				SWIFT_EMIT_LOC_STRINGS = YES;
				SWIFT_VERSION = 5.0;
				TARGETED_DEVICE_FAMILY = "1,2";
			};
			name = Release;
		};
/* End XCBuildConfiguration section */

/* Begin XCConfigurationList section */
		66AED8692955F4A60071BEB4 /* Build configuration list for PBXProject "TwitterAndFirebase" */ = {
			isa = XCConfigurationList;
			buildConfigurations = (
				66AED8802955F4A80071BEB4 /* Debug */,
				66AED8812955F4A80071BEB4 /* Release */,
			);
			defaultConfigurationIsVisible = 0;
			defaultConfigurationName = Release;
		};
		66AED8822955F4A80071BEB4 /* Build configuration list for PBXNativeTarget "TwitterAndFirebase" */ = {
			isa = XCConfigurationList;
			buildConfigurations = (
				66AED8832955F4A80071BEB4 /* Debug */,
				66AED8842955F4A80071BEB4 /* Release */,
			);
			defaultConfigurationIsVisible = 0;
			defaultConfigurationName = Release;
		};
/* End XCConfigurationList section */
	};
	rootObject = 66AED8662955F4A60071BEB4 /* Project object */;
}
